
Microsoft Visual Studio Solution File, Format Version 12.00
# Visual Studio Version 17
VisualStudioVersion = 17.14.36414.22 d17.14
MinimumVisualStudioVersion = 10.0.40219.1
Project("{FAE04EC0-301F-11D3-BF4B-00C04F79EFBC}") = "2024Exam", "2024Exam.csproj", "{97FF9C96-7F1B-4D8A-BC38-765C58A3E7A8}"
EndProject
Global
	GlobalSection(SolutionConfigurationPlatforms) = preSolution
		Debug|Any CPU = Debug|Any CPU
		Release|Any CPU = Release|Any CPU
	EndGlobalSection
	GlobalSection(ProjectConfigurationPlatforms) = postSolution
		{97FF9C96-7F1B-4D8A-BC38-765C58A3E7A8}.Debug|Any CPU.ActiveCfg = Debug|Any CPU
		{97FF9C96-7F1B-4D8A-BC38-765C58A3E7A8}.Debug|Any CPU.Build.0 = Debug|Any CPU
		{97FF9C96-7F1B-4D8A-BC38-765C58A3E7A8}.Release|Any CPU.ActiveCfg = Release|Any CPU
		{97FF9C96-7F1B-4D8A-BC38-765C58A3E7A8}.Release|Any CPU.Build.0 = Release|Any CPU
	EndGlobalSection
	GlobalSection(SolutionProperties) = preSolution
		HideSolutionNode = FALSE
	EndGlobalSection
	GlobalSection(ExtensibilityGlobals) = postSolution
		SolutionGuid = {CDF088C5-3CBD-42AA-83BC-620768D30E28}
	EndGlobalSection
EndGlobal
